{
  "name": "simple_trace",
  "version": "1.0.0",
  "lockfileVersion": 1,
  "requires": true,
  "dependencies": {
    "async-listener": {
      "version": "0.6.10",
      "resolved": "https://registry.npmjs.org/async-listener/-/async-listener-0.6.10.tgz",
      "integrity": "sha512-gpuo6xOyF4D5DE5WvyqZdPA3NGhiT6Qf07l7DCB0wwDEsLvDIbCr6j9S5aj5Ch96dLace5tXVzWBZkxU/c5ohw==",
      "requires": {
        "semver": "^5.3.0",
        "shimmer": "^1.1.0"
      }
    },
    "base64-js": {
      "version": "1.3.0",
      "resolved": "https://registry.npmjs.org/base64-js/-/base64-js-1.3.0.tgz",
      "integrity": "sha512-ccav/yGvoa80BQDljCxsmmQ3Xvx60/UpBIij5QN21W3wBi/hhIC9OoO+KLpu9IJTS9j4DRVJ3aDDF9cMSoa2lw=="
    },
    "continuation-local-storage": {
      "version": "3.2.1",
      "resolved": "https://registry.npmjs.org/continuation-local-storage/-/continuation-local-storage-3.2.1.tgz",
      "integrity": "sha512-jx44cconVqkCEEyLSKWwkvUXwO561jXMa3LPjTPsm5QR22PA0/mhe33FT4Xb5y74JDvt/Cq+5lm8S8rskLv9ZA==",
      "requires": {
        "async-listener": "^0.6.0",
        "emitter-listener": "^1.1.1"
      }
    },
    "debug": {
      "version": "2.6.9",
      "resolved": "https://registry.npmjs.org/debug/-/debug-2.6.9.tgz",
      "integrity": "sha512-bC7ElrdJaJnPbAP+1EotYvqZsb3ecl5wi6Bfi6BJTUcNowp6cvspg0jXznRTKDjm/E7AdgFBVeAPVMNcKGsHMA==",
      "requires": {
        "ms": "2.0.0"
      }
    },
    "emitter-listener": {
      "version": "1.1.2",
      "resolved": "https://registry.npmjs.org/emitter-listener/-/emitter-listener-1.1.2.tgz",
      "integrity": "sha512-Bt1sBAGFHY9DKY+4/2cV6izcKJUf5T7/gkdmkxzX/qv9CcGH8xSwVRW5mtX03SWJtRTWSOpzCuWN9rBFYZepZQ==",
      "requires": {
        "shimmer": "^1.2.0"
      }
    },
    "iconv-lite": {
      "version": "0.4.24",
      "resolved": "https://registry.npmjs.org/iconv-lite/-/iconv-lite-0.4.24.tgz",
      "integrity": "sha512-v3MXnZAcvnywkTUEZomIActle7RXXeedOR31wwl7VlyoXO4Qi9arvSenNQWne1TcRwhCL1HwLI21bEqdpj8/rA==",
      "requires": {
        "safer-buffer": ">= 2.1.2 < 3"
      }
    },
    "is-promise": {
      "version": "2.1.0",
      "resolved": "https://registry.npmjs.org/is-promise/-/is-promise-2.1.0.tgz",
      "integrity": "sha1-eaKp7OfwlugPNtKy87wWwf9L8/o="
    },
    "ms": {
      "version": "2.0.0",
      "resolved": "https://registry.npmjs.org/ms/-/ms-2.0.0.tgz",
      "integrity": "sha1-VgiurfwAvmwpAd9fmGF4jeDVl8g="
    },
    "needle": {
      "version": "2.2.4",
      "resolved": "https://registry.npmjs.org/needle/-/needle-2.2.4.tgz",
      "integrity": "sha512-HyoqEb4wr/rsoaIDfTH2aVL9nWtQqba2/HvMv+++m8u0dz808MaagKILxtfeSN7QU7nvbQ79zk3vYOJp9zsNEA==",
      "requires": {
        "debug": "^2.1.2",
        "iconv-lite": "^0.4.4",
        "sax": "^1.2.4"
      }
    },
    "node-fetch": {
      "version": "2.3.0",
      "resolved": "https://registry.npmjs.org/node-fetch/-/node-fetch-2.3.0.tgz",
      "integrity": "sha512-MOd8pV3fxENbryESLgVIeaGKrdl+uaYhCSSVkjeOb/31/njTpcis5aWfdqgNlHIrKOLRbMnfPINPOML2CIFeXA=="
    },
    "openwhisk": {
      "version": "3.18.0",
      "resolved": "https://registry.npmjs.org/openwhisk/-/openwhisk-3.18.0.tgz",
      "integrity": "sha512-I+rbrL302xPJJhtUZMipXZXe0nik4D6nmr4hSIjHEgGMiSx+tjoIahOVlanASBhe4Er3K9WKFl3uC1tNRL9o9w==",
      "requires": {
        "needle": "^2.1.0"
      }
    },
    "safer-buffer": {
      "version": "2.1.2",
      "resolved": "https://registry.npmjs.org/safer-buffer/-/safer-buffer-2.1.2.tgz",
      "integrity": "sha512-YZo3K82SD7Riyi0E1EQPojLz7kpepnSQI9IyPbHHg1XXXevb5dJI7tpyN2ADxGcQbHG7vcyRHk0cbwqcQriUtg=="
    },
    "sax": {
      "version": "1.2.4",
      "resolved": "https://registry.npmjs.org/sax/-/sax-1.2.4.tgz",
      "integrity": "sha512-NqVDv9TpANUjFm0N8uM5GxL36UgKi9/atZw+x7YFnQ8ckwFGKrl4xX4yWtrey3UJm5nP1kUbnYgLopqWNSRhWw=="
    },
    "semver": {
      "version": "5.6.0",
      "resolved": "https://registry.npmjs.org/semver/-/semver-5.6.0.tgz",
      "integrity": "sha512-RS9R6R35NYgQn++fkDWaOmqGoj4Ek9gGs+DPxNUZKuwE183xjJroKvyo1IzVFeXvUrvmALy6FWD5xrdJT25gMg=="
    },
    "shimmer": {
      "version": "1.2.1",
      "resolved": "https://registry.npmjs.org/shimmer/-/shimmer-1.2.1.tgz",
      "integrity": "sha512-sQTKC1Re/rM6XyFM6fIAGHRPVGvyXfgzIDvzoq608vM+jeyVD0Tu1E6Np0Kc2zAIFWIj963V2800iF/9LPieQw=="
    },
    "zipkin": {
      "version": "0.16.0",
      "resolved": "https://registry.npmjs.org/zipkin/-/zipkin-0.16.0.tgz",
      "integrity": "sha512-/WhDWzCjOxR+dbvQwZY0LanNt6+2Fwm72nZenm7Bz/EVV1OBs222wJ/clmKtPWzkmeECakoYB35WSNAuBnGxFQ==",
      "requires": {
        "base64-js": "^1.1.2",
        "is-promise": "^2.1.0"
      }
    },
    "zipkin-context-cls": {
      "version": "0.16.0",
      "resolved": "https://registry.npmjs.org/zipkin-context-cls/-/zipkin-context-cls-0.16.0.tgz",
      "integrity": "sha512-3rpIand15pwuPv5SRdr2SfERJyM1Oc9jtwmc44ZxqNHiJWZJArf3NElc2LD57hvbQw15zm9PYz7AXjOfdWp/CQ==",
      "requires": {
        "continuation-local-storage": "^3.1.7"
      }
    },
    "zipkin-transport-http": {
      "version": "0.16.0",
      "resolved": "https://registry.npmjs.org/zipkin-transport-http/-/zipkin-transport-http-0.16.0.tgz",
      "integrity": "sha512-RbspapRrfG9H7YCU9lB2UJJIe2dfJkAC6+ShPc8+qLTnXG/V9ObIY7r+QsUZmvIwH7IRZ4jki/rnoB6Q6dbfTA==",
      "requires": {
        "node-fetch": "^2.3.0"
      }
    }
  }
}
