{
  "requires": true,
  "lockfileVersion": 1,
  "dependencies": {
    "zipkin-instrumentation-express": {
      "version": "0.16.0",
      "resolved": "https://registry.npmjs.org/zipkin-instrumentation-express/-/zipkin-instrumentation-express-0.16.0.tgz",
      "integrity": "sha512-s0dfMn/u6FgtzdN87+lJ+4cRBDT/EMcinegev/eqb036oAoywM7ChRNkmprdEpxKVqLC//dvC5C5fBnqWk7sNA=="
    }
  }
}
